
Microsoft Visual Studio Solution File, Format Version 12.00
# Visual Studio Version 16
VisualStudioVersion = 16.0.29519.87
MinimumVisualStudioVersion = 10.0.40219.1
Project("{9A19103F-16F7-4668-BE54-9A1E7A4F7556}") = "McDonalds.Kiosk.Core", "McDonalds.Kiosk.Utilities\McDonalds.Kiosk.Core.csproj", "{0E80E09D-2BF9-4EA7-8D49-6688462640BB}"
EndProject
Project("{9A19103F-16F7-4668-BE54-9A1E7A4F7556}") = "McDonalds.Kiosk.App", "McDonalds.Kiosk.App\McDonalds.Kiosk.App.csproj", "{31A01592-2D3C-4D06-A061-6EA8ADCD2A02}"
EndProject
Project("{9A19103F-16F7-4668-BE54-9A1E7A4F7556}") = "McDonalds.Kiosk.DatabaseContext", "McDonalds.Kiosk.DatabaseContext\McDonalds.Kiosk.DatabaseContext.csproj", "{A39F321C-EDDE-447F-8B85-1674E0726618}"
EndProject
Project("{FAE04EC0-301F-11D3-BF4B-00C04F79EFBC}") = "McDonalds.Kiosk.App2", "McDonalds.Kiosk.App2\McDonalds.Kiosk.App2.csproj", "{9B54D508-58E6-4380-851C-748FBB9D0343}"
EndProject
Global
	GlobalSection(SolutionConfigurationPlatforms) = preSolution
		Debug|Any CPU = Debug|Any CPU
		Release|Any CPU = Release|Any CPU
	EndGlobalSection
	GlobalSection(ProjectConfigurationPlatforms) = postSolution
		{0E80E09D-2BF9-4EA7-8D49-6688462640BB}.Debug|Any CPU.ActiveCfg = Debug|Any CPU
		{0E80E09D-2BF9-4EA7-8D49-6688462640BB}.Debug|Any CPU.Build.0 = Debug|Any CPU
		{0E80E09D-2BF9-4EA7-8D49-6688462640BB}.Release|Any CPU.ActiveCfg = Release|Any CPU
		{0E80E09D-2BF9-4EA7-8D49-6688462640BB}.Release|Any CPU.Build.0 = Release|Any CPU
		{31A01592-2D3C-4D06-A061-6EA8ADCD2A02}.Debug|Any CPU.ActiveCfg = Debug|Any CPU
		{31A01592-2D3C-4D06-A061-6EA8ADCD2A02}.Debug|Any CPU.Build.0 = Debug|Any CPU
		{31A01592-2D3C-4D06-A061-6EA8ADCD2A02}.Release|Any CPU.ActiveCfg = Release|Any CPU
		{31A01592-2D3C-4D06-A061-6EA8ADCD2A02}.Release|Any CPU.Build.0 = Release|Any CPU
		{A39F321C-EDDE-447F-8B85-1674E0726618}.Debug|Any CPU.ActiveCfg = Debug|Any CPU
		{A39F321C-EDDE-447F-8B85-1674E0726618}.Debug|Any CPU.Build.0 = Debug|Any CPU
		{A39F321C-EDDE-447F-8B85-1674E0726618}.Release|Any CPU.ActiveCfg = Release|Any CPU
		{A39F321C-EDDE-447F-8B85-1674E0726618}.Release|Any CPU.Build.0 = Release|Any CPU
		{9B54D508-58E6-4380-851C-748FBB9D0343}.Debug|Any CPU.ActiveCfg = Debug|Any CPU
		{9B54D508-58E6-4380-851C-748FBB9D0343}.Debug|Any CPU.Build.0 = Debug|Any CPU
		{9B54D508-58E6-4380-851C-748FBB9D0343}.Release|Any CPU.ActiveCfg = Release|Any CPU
		{9B54D508-58E6-4380-851C-748FBB9D0343}.Release|Any CPU.Build.0 = Release|Any CPU
	EndGlobalSection
	GlobalSection(SolutionProperties) = preSolution
		HideSolutionNode = FALSE
	EndGlobalSection
	GlobalSection(ExtensibilityGlobals) = postSolution
		SolutionGuid = {06B95195-A6D4-4A1A-B9A9-C5E2B8FD052E}
	EndGlobalSection
EndGlobal
